
Microsoft Visual Studio Solution File, Format Version 12.00
# Visual Studio Version 16
VisualStudioVersion = 16.0.31624.102
MinimumVisualStudioVersion = 10.0.40219.1
Project("{FAE04EC0-301F-11D3-BF4B-00C04F79EFBC}") = "DoWhile", "DoWhile.csproj", "{EAE7CE94-F9BA-4827-AA4B-E10C6018D6FF}"
EndProject
Global
	GlobalSection(SolutionConfigurationPlatforms) = preSolution
		Debug|Any CPU = Debug|Any CPU
		Release|Any CPU = Release|Any CPU
	EndGlobalSection
	GlobalSection(ProjectConfigurationPlatforms) = postSolution
		{EAE7CE94-F9BA-4827-AA4B-E10C6018D6FF}.Debug|Any CPU.ActiveCfg = Debug|Any CPU
		{EAE7CE94-F9BA-4827-AA4B-E10C6018D6FF}.Debug|Any CPU.Build.0 = Debug|Any CPU
		{EAE7CE94-F9BA-4827-AA4B-E10C6018D6FF}.Release|Any CPU.ActiveCfg = Release|Any CPU
		{EAE7CE94-F9BA-4827-AA4B-E10C6018D6FF}.Release|Any CPU.Build.0 = Release|Any CPU
	EndGlobalSection
	GlobalSection(SolutionProperties) = preSolution
		HideSolutionNode = FALSE
	EndGlobalSection
	GlobalSection(ExtensibilityGlobals) = postSolution
		SolutionGuid = {4937A36F-8D16-45D2-ABA9-F1B7AC478D06}
	EndGlobalSection
EndGlobal
